
Microsoft Visual Studio Solution File, Format Version 12.00
# Visual Studio 15
VisualStudioVersion = 15.0.27703.2042
MinimumVisualStudioVersion = 10.0.40219.1
Project("{FAE04EC0-301F-11D3-BF4B-00C04F79EFBC}") = "Saptra.Web", "Saptra.Web\Saptra.Web.csproj", "{02857CAC-A77F-408B-ACDC-C6BDD5A2FB1A}"
EndProject
Project("{FAE04EC0-301F-11D3-BF4B-00C04F79EFBC}") = "Saptra.Web.Controllers", "Saptra.Web.Controllers\Saptra.Web.Controllers.csproj", "{71BB26D8-2624-4919-AB46-B62BE8786AC1}"
EndProject
Project("{FAE04EC0-301F-11D3-BF4B-00C04F79EFBC}") = "Saptra.Web.Data", "Saptra.Web.Data\Saptra.Web.Data.csproj", "{21FC0D3F-E76C-44C3-A7D9-0EA25A7D8949}"
EndProject
Project("{FAE04EC0-301F-11D3-BF4B-00C04F79EFBC}") = "Saptra.Web.Models", "Saptra.Web.Models\Saptra.Web.Models.csproj", "{E623B94B-D842-4E6C-9A48-D2C91741FEE6}"
EndProject
Project("{FAE04EC0-301F-11D3-BF4B-00C04F79EFBC}") = "Saptra.Web.Utils", "Saptra.Web.Utils\Saptra.Web.Utils.csproj", "{F1AA0B9E-D3E9-4BDB-AFB5-8F939822C245}"
EndProject
Project("{FAE04EC0-301F-11D3-BF4B-00C04F79EFBC}") = "Saptra.Web.Resources", "Saptra.Web.Resources\Saptra.Web.Resources.csproj", "{1B2B66B0-1C9B-4D96-8280-5CB5B85BAF15}"
EndProject
Global
	GlobalSection(SolutionConfigurationPlatforms) = preSolution
		Debug|Any CPU = Debug|Any CPU
		Release|Any CPU = Release|Any CPU
	EndGlobalSection
	GlobalSection(ProjectConfigurationPlatforms) = postSolution
		{02857CAC-A77F-408B-ACDC-C6BDD5A2FB1A}.Debug|Any CPU.ActiveCfg = Debug|Any CPU
		{02857CAC-A77F-408B-ACDC-C6BDD5A2FB1A}.Debug|Any CPU.Build.0 = Debug|Any CPU
		{02857CAC-A77F-408B-ACDC-C6BDD5A2FB1A}.Release|Any CPU.ActiveCfg = Release|Any CPU
		{02857CAC-A77F-408B-ACDC-C6BDD5A2FB1A}.Release|Any CPU.Build.0 = Release|Any CPU
		{71BB26D8-2624-4919-AB46-B62BE8786AC1}.Debug|Any CPU.ActiveCfg = Debug|Any CPU
		{71BB26D8-2624-4919-AB46-B62BE8786AC1}.Debug|Any CPU.Build.0 = Debug|Any CPU
		{71BB26D8-2624-4919-AB46-B62BE8786AC1}.Release|Any CPU.ActiveCfg = Release|Any CPU
		{71BB26D8-2624-4919-AB46-B62BE8786AC1}.Release|Any CPU.Build.0 = Release|Any CPU
		{21FC0D3F-E76C-44C3-A7D9-0EA25A7D8949}.Debug|Any CPU.ActiveCfg = Debug|Any CPU
		{21FC0D3F-E76C-44C3-A7D9-0EA25A7D8949}.Debug|Any CPU.Build.0 = Debug|Any CPU
		{21FC0D3F-E76C-44C3-A7D9-0EA25A7D8949}.Release|Any CPU.ActiveCfg = Release|Any CPU
		{21FC0D3F-E76C-44C3-A7D9-0EA25A7D8949}.Release|Any CPU.Build.0 = Release|Any CPU
		{E623B94B-D842-4E6C-9A48-D2C91741FEE6}.Debug|Any CPU.ActiveCfg = Debug|Any CPU
		{E623B94B-D842-4E6C-9A48-D2C91741FEE6}.Debug|Any CPU.Build.0 = Debug|Any CPU
		{E623B94B-D842-4E6C-9A48-D2C91741FEE6}.Release|Any CPU.ActiveCfg = Release|Any CPU
		{E623B94B-D842-4E6C-9A48-D2C91741FEE6}.Release|Any CPU.Build.0 = Release|Any CPU
		{F1AA0B9E-D3E9-4BDB-AFB5-8F939822C245}.Debug|Any CPU.ActiveCfg = Debug|Any CPU
		{F1AA0B9E-D3E9-4BDB-AFB5-8F939822C245}.Debug|Any CPU.Build.0 = Debug|Any CPU
		{F1AA0B9E-D3E9-4BDB-AFB5-8F939822C245}.Release|Any CPU.ActiveCfg = Release|Any CPU
		{F1AA0B9E-D3E9-4BDB-AFB5-8F939822C245}.Release|Any CPU.Build.0 = Release|Any CPU
		{1B2B66B0-1C9B-4D96-8280-5CB5B85BAF15}.Debug|Any CPU.ActiveCfg = Debug|Any CPU
		{1B2B66B0-1C9B-4D96-8280-5CB5B85BAF15}.Debug|Any CPU.Build.0 = Debug|Any CPU
		{1B2B66B0-1C9B-4D96-8280-5CB5B85BAF15}.Release|Any CPU.ActiveCfg = Release|Any CPU
		{1B2B66B0-1C9B-4D96-8280-5CB5B85BAF15}.Release|Any CPU.Build.0 = Release|Any CPU
	EndGlobalSection
	GlobalSection(SolutionProperties) = preSolution
		HideSolutionNode = FALSE
	EndGlobalSection
	GlobalSection(ExtensibilityGlobals) = postSolution
		SolutionGuid = {CC2F1AFE-1617-490A-A795-78DEFD17C6A1}
	EndGlobalSection
EndGlobal
